// !$*UTF8*$!
{
	archiveVersion = 1;
	classes = {
	};
	objectVersion = 46;
	objects = {

/* Begin PBXBuildFile section */
		94DDAF501F0A83900009A588 /* AppDelegate.swift in Sources */ = {isa = PBXBuildFile; fileRef = 94DDAF4F1F0A83900009A588 /* AppDelegate.swift */; };
		94DDAF531F0A83900009A588 /* BlogReader.xcdatamodeld in Sources */ = {isa = PBXBuildFile; fileRef = 94DDAF511F0A83900009A588 /* BlogReader.xcdatamodeld */; };
		94DDAF551F0A83900009A588 /* MasterViewController.swift in Sources */ = {isa = PBXBuildFile; fileRef = 94DDAF541F0A83900009A588 /* MasterViewController.swift */; };
		94DDAF571F0A83900009A588 /* DetailViewController.swift in Sources */ = {isa = PBXBuildFile; fileRef = 94DDAF561F0A83900009A588 /* DetailViewController.swift */; };
		94DDAF5A1F0A83900009A588 /* Main.storyboard in Resources */ = {isa = PBXBuildFile; fileRef = 94DDAF581F0A83900009A588 /* Main.storyboard */; };
		94DDAF5C1F0A83900009A588 /* Assets.xcassets in Resources */ = {isa = PBXBuildFile; fileRef = 94DDAF5B1F0A83900009A588 /* Assets.xcassets */; };
		94DDAF5F1F0A83900009A588 /* LaunchScreen.storyboard in Resources */ = {isa = PBXBuildFile; fileRef = 94DDAF5D1F0A83900009A588 /* LaunchScreen.storyboard */; };
/* End PBXBuildFile section */

/* Begin PBXFileReference section */
		94DDAF4C1F0A83900009A588 /* BlogReader.app */ = {isa = PBXFileReference; explicitFileType = wrapper.application; includeInIndex = 0; path = BlogReader.app; sourceTree = BUILT_PRODUCTS_DIR; };
		94DDAF4F1F0A83900009A588 /* AppDelegate.swift */ = {isa = PBXFileReference; lastKnownFileType = sourcecode.swift; path = AppDelegate.swift; sourceTree = "<group>"; };
		94DDAF521F0A83900009A588 /* BlogReader.xcdatamodel */ = {isa = PBXFileReference; lastKnownFileType = wrapper.xcdatamodel; path = BlogReader.xcdatamodel; sourceTree = "<group>"; };
		94DDAF541F0A83900009A588 /* MasterViewController.swift */ = {isa = PBXFileReference; lastKnownFileType = sourcecode.swift; path = MasterViewController.swift; sourceTree = "<group>"; };
		94DDAF561F0A83900009A588 /* DetailViewController.swift */ = {isa = PBXFileReference; lastKnownFileType = sourcecode.swift; path = DetailViewController.swift; sourceTree = "<group>"; };
		94DDAF591F0A83900009A588 /* Base */ = {isa = PBXFileReference; lastKnownFileType = file.storyboard; name = Base; path = Base.lproj/Main.storyboard; sourceTree = "<group>"; };
		94DDAF5B1F0A83900009A588 /* Assets.xcassets */ = {isa = PBXFileReference; lastKnownFileType = folder.assetcatalog; path = Assets.xcassets; sourceTree = "<group>"; };
		94DDAF5E1F0A83900009A588 /* Base */ = {isa = PBXFileReference; lastKnownFileType = file.storyboard; name = Base; path = Base.lproj/LaunchScreen.storyboard; sourceTree = "<group>"; };
		94DDAF601F0A83900009A588 /* Info.plist */ = {isa = PBXFileReference; lastKnownFileType = text.plist.xml; path = Info.plist; sourceTree = "<group>"; };
/* End PBXFileReference section */

/* Begin PBXFrameworksBuildPhase section */
		94DDAF491F0A83900009A588 /* Frameworks */ = {
			isa = PBXFrameworksBuildPhase;
			buildActionMask = 2147483647;
			files = (
			);
			runOnlyForDeploymentPostprocessing = 0;
		};
/* End PBXFrameworksBuildPhase section */

/* Begin PBXGroup section */
		94DDAF431F0A83900009A588 = {
			isa = PBXGroup;
			children = (
				94DDAF4E1F0A83900009A588 /* BlogReader */,
				94DDAF4D1F0A83900009A588 /* Products */,
			);
			sourceTree = "<group>";
		};
		94DDAF4D1F0A83900009A588 /* Products */ = {
			isa = PBXGroup;
			children = (
				94DDAF4C1F0A83900009A588 /* BlogReader.app */,
			);
			name = Products;
			sourceTree = "<group>";
		};
		94DDAF4E1F0A83900009A588 /* BlogReader */ = {
			isa = PBXGroup;
			children = (
				94DDAF4F1F0A83900009A588 /* AppDelegate.swift */,
				94DDAF541F0A83900009A588 /* MasterViewController.swift */,
				94DDAF561F0A83900009A588 /* DetailViewController.swift */,
				94DDAF581F0A83900009A588 /* Main.storyboard */,
				94DDAF5B1F0A83900009A588 /* Assets.xcassets */,
				94DDAF5D1F0A83900009A588 /* LaunchScreen.storyboard */,
				94DDAF601F0A83900009A588 /* Info.plist */,
				94DDAF511F0A83900009A588 /* BlogReader.xcdatamodeld */,
			);
			path = BlogReader;
			sourceTree = "<group>";
		};
/* End PBXGroup section */

/* Begin PBXNativeTarget section */
		94DDAF4B1F0A83900009A588 /* BlogReader */ = {
			isa = PBXNativeTarget;
			buildConfigurationList = 94DDAF631F0A83900009A588 /* Build configuration list for PBXNativeTarget "BlogReader" */;
			buildPhases = (
				94DDAF481F0A83900009A588 /* Sources */,
				94DDAF491F0A83900009A588 /* Frameworks */,
				94DDAF4A1F0A83900009A588 /* Resources */,
			);
			buildRules = (
			);
			dependencies = (
			);
			name = BlogReader;
			productName = BlogReader;
			productReference = 94DDAF4C1F0A83900009A588 /* BlogReader.app */;
			productType = "com.apple.product-type.application";
		};
/* End PBXNativeTarget section */

/* Begin PBXProject section */
		94DDAF441F0A83900009A588 /* Project object */ = {
			isa = PBXProject;
			attributes = {
				LastSwiftUpdateCheck = 0820;
				LastUpgradeCheck = 0820;
				ORGANIZATIONNAME = "Jothi R";
				TargetAttributes = {
					94DDAF4B1F0A83900009A588 = {
						CreatedOnToolsVersion = 8.2.1;
						ProvisioningStyle = Automatic;
					};
				};
			};
			buildConfigurationList = 94DDAF471F0A83900009A588 /* Build configuration list for PBXProject "BlogReader" */;
			compatibilityVersion = "Xcode 3.2";
			developmentRegion = English;
			hasScannedForEncodings = 0;
			knownRegions = (
				en,
				Base,
			);
			mainGroup = 94DDAF431F0A83900009A588;
			productRefGroup = 94DDAF4D1F0A83900009A588 /* Products */;
			projectDirPath = "";
			projectRoot = "";
			targets = (
				94DDAF4B1F0A83900009A588 /* BlogReader */,
			);
		};
/* End PBXProject section */

/* Begin PBXResourcesBuildPhase section */
		94DDAF4A1F0A83900009A588 /* Resources */ = {
			isa = PBXResourcesBuildPhase;
			buildActionMask = 2147483647;
			files = (
				94DDAF5F1F0A83900009A588 /* LaunchScreen.storyboard in Resources */,
				94DDAF5C1F0A83900009A588 /* Assets.xcassets in Resources */,
				94DDAF5A1F0A83900009A588 /* Main.storyboard in Resources */,
			);
			runOnlyForDeploymentPostprocessing = 0;
		};
/* End PBXResourcesBuildPhase section */

/* Begin PBXSourcesBuildPhase section */
		94DDAF481F0A83900009A588 /* Sources */ = {
			isa = PBXSourcesBuildPhase;
			buildActionMask = 2147483647;
			files = (
				94DDAF531F0A83900009A588 /* BlogReader.xcdatamodeld in Sources */,
				94DDAF501F0A83900009A588 /* AppDelegate.swift in Sources */,
				94DDAF551F0A83900009A588 /* MasterViewController.swift in Sources */,
				94DDAF571F0A83900009A588 /* DetailViewController.swift in Sources */,
			);
			runOnlyForDeploymentPostprocessing = 0;
		};
/* End PBXSourcesBuildPhase section */

/* Begin PBXVariantGroup section */
		94DDAF581F0A83900009A588 /* Main.storyboard */ = {
			isa = PBXVariantGroup;
			children = (
				94DDAF591F0A83900009A588 /* Base */,
			);
			name = Main.storyboard;
			sourceTree = "<group>";
		};
		94DDAF5D1F0A83900009A588 /* LaunchScreen.storyboard */ = {
			isa = PBXVariantGroup;
			children = (
				94DDAF5E1F0A83900009A588 /* Base */,
			);
			name = LaunchScreen.storyboard;
			sourceTree = "<group>";
		};
/* End PBXVariantGroup section */

/* Begin XCBuildConfiguration section */
		94DDAF611F0A83900009A588 /* Debug */ = {
			isa = XCBuildConfiguration;
			buildSettings = {
				ALWAYS_SEARCH_USER_PATHS = NO;
				CLANG_ANALYZER_NONNULL = YES;
				CLANG_CXX_LANGUAGE_STANDARD = "gnu++0x";
				CLANG_CXX_LIBRARY = "libc++";
				CLANG_ENABLE_MODULES = YES;
				CLANG_ENABLE_OBJC_ARC = YES;
				CLANG_WARN_BOOL_CONVERSION = YES;
				CLANG_WARN_CONSTANT_CONVERSION = YES;
				CLANG_WARN_DIRECT_OBJC_ISA_USAGE = YES_ERROR;
				CLANG_WARN_DOCUMENTATION_COMMENTS = YES;
				CLANG_WARN_EMPTY_BODY = YES;
				CLANG_WARN_ENUM_CONVERSION = YES;
				CLANG_WARN_INFINITE_RECURSION = YES;
				CLANG_WARN_INT_CONVERSION = YES;
				CLANG_WARN_OBJC_ROOT_CLASS = YES_ERROR;
				CLANG_WARN_SUSPICIOUS_MOVE = YES;
				CLANG_WARN_UNREACHABLE_CODE = YES;
				CLANG_WARN__DUPLICATE_METHOD_MATCH = YES;
				"CODE_SIGN_IDENTITY[sdk=iphoneos*]" = "iPhone Developer";
				COPY_PHASE_STRIP = NO;
				DEBUG_INFORMATION_FORMAT = dwarf;
				ENABLE_STRICT_OBJC_MSGSEND = YES;
				ENABLE_TESTABILITY = YES;
				GCC_C_LANGUAGE_STANDARD = gnu99;
				GCC_DYNAMIC_NO_PIC = NO;
				GCC_NO_COMMON_BLOCKS = YES;
				GCC_OPTIMIZATION_LEVEL = 0;
				GCC_PREPROCESSOR_DEFINITIONS = (
					"DEBUG=1",
					"$(inherited)",
				);
				GCC_WARN_64_TO_32_BIT_CONVERSION = YES;
				GCC_WARN_ABOUT_RETURN_TYPE = YES_ERROR;
				GCC_WARN_UNDECLARED_SELECTOR = YES;
				GCC_WARN_UNINITIALIZED_AUTOS = YES_AGGRESSIVE;
				GCC_WARN_UNUSED_FUNCTION = YES;
				GCC_WARN_UNUSED_VARIABLE = YES;
				IPHONEOS_DEPLOYMENT_TARGET = 10.2;
				MTL_ENABLE_DEBUG_INFO = YES;
				ONLY_ACTIVE_ARCH = YES;
				SDKROOT = iphoneos;
				SWIFT_ACTIVE_COMPILATION_CONDITIONS = DEBUG;
				SWIFT_OPTIMIZATION_LEVEL = "-Onone";
				TARGETED_DEVICE_FAMILY = "1,2";
			};
			name = Debug;
		};
		94DDAF621F0A83900009A588 /* Release */ = {
			isa = XCBuildConfiguration;
			buildSettings = {
				ALWAYS_SEARCH_USER_PATHS = NO;
				CLANG_ANALYZER_NONNULL = YES;
				CLANG_CXX_LANGUAGE_STANDARD = "gnu++0x";
				CLANG_CXX_LIBRARY = "libc++";
				CLANG_ENABLE_MODULES = YES;
				CLANG_ENABLE_OBJC_ARC = YES;
				CLANG_WARN_BOOL_CONVERSION = YES;
				CLANG_WARN_CONSTANT_CONVERSION = YES;
				CLANG_WARN_DIRECT_OBJC_ISA_USAGE = YES_ERROR;
				CLANG_WARN_DOCUMENTATION_COMMENTS = YES;
				CLANG_WARN_EMPTY_BODY = YES;
				CLANG_WARN_ENUM_CONVERSION = YES;
				CLANG_WARN_INFINITE_RECURSION = YES;
				CLANG_WARN_INT_CONVERSION = YES;
				CLANG_WARN_OBJC_ROOT_CLASS = YES_ERROR;
				CLANG_WARN_SUSPICIOUS_MOVE = YES;
				CLANG_WARN_UNREACHABLE_CODE = YES;
				CLANG_WARN__DUPLICATE_METHOD_MATCH = YES;
				"CODE_SIGN_IDENTITY[sdk=iphoneos*]" = "iPhone Developer";
				COPY_PHASE_STRIP = NO;
				DEBUG_INFORMATION_FORMAT = "dwarf-with-dsym";
				ENABLE_NS_ASSERTIONS = NO;
				ENABLE_STRICT_OBJC_MSGSEND = YES;
				GCC_C_LANGUAGE_STANDARD = gnu99;
				GCC_NO_COMMON_BLOCKS = YES;
				GCC_WARN_64_TO_32_BIT_CONVERSION = YES;
				GCC_WARN_ABOUT_RETURN_TYPE = YES_ERROR;
				GCC_WARN_UNDECLARED_SELECTOR = YES;
				GCC_WARN_UNINITIALIZED_AUTOS = YES_AGGRESSIVE;
				GCC_WARN_UNUSED_FUNCTION = YES;
				GCC_WARN_UNUSED_VARIABLE = YES;
				IPHONEOS_DEPLOYMENT_TARGET = 10.2;
				MTL_ENABLE_DEBUG_INFO = NO;
				SDKROOT = iphoneos;
				SWIFT_OPTIMIZATION_LEVEL = "-Owholemodule";
				TARGETED_DEVICE_FAMILY = "1,2";
				VALIDATE_PRODUCT = YES;
			};
			name = Release;
		};
		94DDAF641F0A83900009A588 /* Debug */ = {
			isa = XCBuildConfiguration;
			buildSettings = {
				ASSETCATALOG_COMPILER_APPICON_NAME = AppIcon;
				INFOPLIST_FILE = BlogReader/Info.plist;
				LD_RUNPATH_SEARCH_PATHS = "$(inherited) @executable_path/Frameworks";
				PRODUCT_BUNDLE_IDENTIFIER = com.jothi.BlogReader;
				PRODUCT_NAME = "$(TARGET_NAME)";
				SWIFT_VERSION = 3.0;
			};
			name = Debug;
		};
		94DDAF651F0A83900009A588 /* Release */ = {
			isa = XCBuildConfiguration;
			buildSettings = {
				ASSETCATALOG_COMPILER_APPICON_NAME = AppIcon;
				INFOPLIST_FILE = BlogReader/Info.plist;
				LD_RUNPATH_SEARCH_PATHS = "$(inherited) @executable_path/Frameworks";
				PRODUCT_BUNDLE_IDENTIFIER = com.jothi.BlogReader;
				PRODUCT_NAME = "$(TARGET_NAME)";
				SWIFT_VERSION = 3.0;
			};
			name = Release;
		};
/* End XCBuildConfiguration section */

/* Begin XCConfigurationList section */
		94DDAF471F0A83900009A588 /* Build configuration list for PBXProject "BlogReader" */ = {
			isa = XCConfigurationList;
			buildConfigurations = (
				94DDAF611F0A83900009A588 /* Debug */,
				94DDAF621F0A83900009A588 /* Release */,
			);
			defaultConfigurationIsVisible = 0;
			defaultConfigurationName = Release;
		};
		94DDAF631F0A83900009A588 /* Build configuration list for PBXNativeTarget "BlogReader" */ = {
			isa = XCConfigurationList;
			buildConfigurations = (
				94DDAF641F0A83900009A588 /* Debug */,
				94DDAF651F0A83900009A588 /* Release */,
			);
			defaultConfigurationIsVisible = 0;
		};
/* End XCConfigurationList section */

/* Begin XCVersionGroup section */
		94DDAF511F0A83900009A588 /* BlogReader.xcdatamodeld */ = {
			isa = XCVersionGroup;
			children = (
				94DDAF521F0A83900009A588 /* BlogReader.xcdatamodel */,
			);
			currentVersion = 94DDAF521F0A83900009A588 /* BlogReader.xcdatamodel */;
			path = BlogReader.xcdatamodeld;
			sourceTree = "<group>";
			versionGroupType = wrapper.xcdatamodel;
		};
/* End XCVersionGroup section */
	};
	rootObject = 94DDAF441F0A83900009A588 /* Project object */;
}
